<?xml version="1.0" encoding="utf-8"?>
<Project ToolsVersion="4.0" xmlns="http://schemas.microsoft.com/developer/msbuild/2003">
  <ItemGroup>
    <ClCompile Include="maxRequiredFun.cpp">
      <Filter>源文件</Filter>
    </ClCompile>
    <ClCompile Include="UGBIMExporter.cpp">
      <Filter>源文件</Filter>
    </ClCompile>
    <ClCompile Include="UGMaxLogFile.cpp">
      <Filter>源文件</Filter>
    </ClCompile>
    <ClCompile Include="UGMaxModelProcess.cpp">
      <Filter>源文件</Filter>
    </ClCompile>
    <ClCompile Include="UGMaxProcessBar.cpp">
      <Filter>源文件</Filter>
    </ClCompile>
    <ClCompile Include="UGMaxToolkit.cpp">
      <Filter>源文件</Filter>
    </ClCompile>
    <ClCompile Include="UGMtlToNode.cpp">
      <Filter>源文件</Filter>
    </ClCompile>
    <ClCompile Include="UGSingleNodeSceneExporter.cpp">
      <Filter>源文件</Filter>
    </ClCompile>
    <ClCompile Include="UGBatchMaxImporter.cpp">
      <Filter>源文件</Filter>
    </ClCompile>
  </ItemGroup>
  <ItemGroup>
    <ClInclude Include="UGMaxProcessBar.h">
      <Filter>头文件</Filter>
    </ClInclude>
    <ClInclude Include="UGMaxModelProcess.h">
      <Filter>头文件</Filter>
    </ClInclude>
    <ClInclude Include="UGExportBIMDec.h">
      <Filter>头文件</Filter>
    </ClInclude>
    <ClInclude Include="UGBIMExporter.h">
      <Filter>头文件</Filter>
    </ClInclude>
    <ClInclude Include="resource.h">
      <Filter>头文件</Filter>
    </ClInclude>
    <ClInclude Include="MaxPluginres.h">
      <Filter>头文件</Filter>
    </ClInclude>
    <ClInclude Include="UGMenuDec.h">
      <Filter>头文件</Filter>
    </ClInclude>
    <ClInclude Include="UGMenuGUP.h">
      <Filter>头文件</Filter>
    </ClInclude>
    <ClInclude Include="UGMtlToNode.h">
      <Filter>头文件</Filter>
    </ClInclude>
    <ClInclude Include="UGSingleNodeSceneExporter.h">
      <Filter>头文件</Filter>
    </ClInclude>
    <ClInclude Include="UGSuActions.h">
      <Filter>头文件</Filter>
    </ClInclude>
    <ClInclude Include="UGMaxLogFile.h">
      <Filter>头文件</Filter>
    </ClInclude>
    <ClInclude Include="UGMaxToolkit.h">
      <Filter>头文件</Filter>
    </ClInclude>
    <ClInclude Include="UGBatchMaxImporter.h">
      <Filter>头文件</Filter>
    </ClInclude>
  </ItemGroup>
  <ItemGroup>
    <ResourceCompile Include="MaxPlugin.rc" />
  </ItemGroup>
  <ItemGroup>
    <Image Include="logo.bmp" />
  </ItemGroup>
  <ItemGroup>
    <Filter Include="头文件">
      <UniqueIdentifier>{93e50b87-2e80-42fb-8508-45035361677e}</UniqueIdentifier>
    </Filter>
    <Filter Include="源文件">
      <UniqueIdentifier>{612f3266-5e56-4b5c-a6ea-c8e18d708451}</UniqueIdentifier>
    </Filter>
  </ItemGroup>
</Project>